
Microsoft Visual Studio Solution File, Format Version 12.00
# Visual Studio 14
VisualStudioVersion = 14.0.25420.1
MinimumVisualStudioVersion = 10.0.40219.1
Project("{FAE04EC0-301F-11D3-BF4B-00C04F79EFBC}") = "Task1", "Task1\Task1.csproj", "{899F1CA0-3183-4C7E-B462-1CB74B6BC519}"
EndProject
Project("{FAE04EC0-301F-11D3-BF4B-00C04F79EFBC}") = "Test.CUI", "Test.CUI\Test.CUI.csproj", "{70BD8F8F-8EAE-4EAB-B1C7-E65F6BF4B602}"
EndProject
Project("{FAE04EC0-301F-11D3-BF4B-00C04F79EFBC}") = "Task2", "Task2\Task2.csproj", "{A455F76E-C10E-44E9-80E5-5E01EC72CD09}"
EndProject
Project("{FAE04EC0-301F-11D3-BF4B-00C04F79EFBC}") = "Task3", "Task3\Task3.csproj", "{D44F369E-8FF5-4325-A3F1-5473AA0D4714}"
EndProject
Project("{FAE04EC0-301F-11D3-BF4B-00C04F79EFBC}") = "Task3.Tests.MSUnit.DDT", "Task3.Tests\Task3.Tests.MSUnit.DDT.csproj", "{14BBD68A-3774-4F21-A29D-693A7D99875A}"
EndProject
Project("{FAE04EC0-301F-11D3-BF4B-00C04F79EFBC}") = "Task3.Tests.NUnit", "Task3.Tests.NUnit\Task3.Tests.NUnit.csproj", "{916EA76B-E346-42F9-9275-9EACA55F91ED}"
EndProject
Global
	GlobalSection(SolutionConfigurationPlatforms) = preSolution
		Debug|Any CPU = Debug|Any CPU
		Release|Any CPU = Release|Any CPU
	EndGlobalSection
	GlobalSection(ProjectConfigurationPlatforms) = postSolution
		{899F1CA0-3183-4C7E-B462-1CB74B6BC519}.Debug|Any CPU.ActiveCfg = Debug|Any CPU
		{899F1CA0-3183-4C7E-B462-1CB74B6BC519}.Debug|Any CPU.Build.0 = Debug|Any CPU
		{899F1CA0-3183-4C7E-B462-1CB74B6BC519}.Release|Any CPU.ActiveCfg = Release|Any CPU
		{899F1CA0-3183-4C7E-B462-1CB74B6BC519}.Release|Any CPU.Build.0 = Release|Any CPU
		{70BD8F8F-8EAE-4EAB-B1C7-E65F6BF4B602}.Debug|Any CPU.ActiveCfg = Debug|Any CPU
		{70BD8F8F-8EAE-4EAB-B1C7-E65F6BF4B602}.Debug|Any CPU.Build.0 = Debug|Any CPU
		{70BD8F8F-8EAE-4EAB-B1C7-E65F6BF4B602}.Release|Any CPU.ActiveCfg = Release|Any CPU
		{70BD8F8F-8EAE-4EAB-B1C7-E65F6BF4B602}.Release|Any CPU.Build.0 = Release|Any CPU
		{A455F76E-C10E-44E9-80E5-5E01EC72CD09}.Debug|Any CPU.ActiveCfg = Debug|Any CPU
		{A455F76E-C10E-44E9-80E5-5E01EC72CD09}.Debug|Any CPU.Build.0 = Debug|Any CPU
		{A455F76E-C10E-44E9-80E5-5E01EC72CD09}.Release|Any CPU.ActiveCfg = Release|Any CPU
		{A455F76E-C10E-44E9-80E5-5E01EC72CD09}.Release|Any CPU.Build.0 = Release|Any CPU
		{D44F369E-8FF5-4325-A3F1-5473AA0D4714}.Debug|Any CPU.ActiveCfg = Debug|Any CPU
		{D44F369E-8FF5-4325-A3F1-5473AA0D4714}.Debug|Any CPU.Build.0 = Debug|Any CPU
		{D44F369E-8FF5-4325-A3F1-5473AA0D4714}.Release|Any CPU.ActiveCfg = Release|Any CPU
		{D44F369E-8FF5-4325-A3F1-5473AA0D4714}.Release|Any CPU.Build.0 = Release|Any CPU
		{14BBD68A-3774-4F21-A29D-693A7D99875A}.Debug|Any CPU.ActiveCfg = Debug|Any CPU
		{14BBD68A-3774-4F21-A29D-693A7D99875A}.Debug|Any CPU.Build.0 = Debug|Any CPU
		{14BBD68A-3774-4F21-A29D-693A7D99875A}.Release|Any CPU.ActiveCfg = Release|Any CPU
		{14BBD68A-3774-4F21-A29D-693A7D99875A}.Release|Any CPU.Build.0 = Release|Any CPU
		{916EA76B-E346-42F9-9275-9EACA55F91ED}.Debug|Any CPU.ActiveCfg = Debug|Any CPU
		{916EA76B-E346-42F9-9275-9EACA55F91ED}.Debug|Any CPU.Build.0 = Debug|Any CPU
		{916EA76B-E346-42F9-9275-9EACA55F91ED}.Release|Any CPU.ActiveCfg = Release|Any CPU
		{916EA76B-E346-42F9-9275-9EACA55F91ED}.Release|Any CPU.Build.0 = Release|Any CPU
	EndGlobalSection
	GlobalSection(SolutionProperties) = preSolution
		HideSolutionNode = FALSE
	EndGlobalSection
EndGlobal
